
Microsoft Visual Studio Solution File, Format Version 12.00
# Visual Studio Version 17
VisualStudioVersion = 17.7.34003.232
MinimumVisualStudioVersion = 10.0.40219.1
Project("{FAE04EC0-301F-11D3-BF4B-00C04F79EFBC}") = "WebAuth.API", "WebAuth.API\WebAuth.API.csproj", "{FA4B770D-9FD2-4673-BE15-61A3E0C0888E}"
EndProject
Global
	GlobalSection(SolutionConfigurationPlatforms) = preSolution
		Debug|Any CPU = Debug|Any CPU
		Release|Any CPU = Release|Any CPU
	EndGlobalSection
	GlobalSection(ProjectConfigurationPlatforms) = postSolution
		{FA4B770D-9FD2-4673-BE15-61A3E0C0888E}.Debug|Any CPU.ActiveCfg = Debug|Any CPU
		{FA4B770D-9FD2-4673-BE15-61A3E0C0888E}.Debug|Any CPU.Build.0 = Debug|Any CPU
		{FA4B770D-9FD2-4673-BE15-61A3E0C0888E}.Release|Any CPU.ActiveCfg = Release|Any CPU
		{FA4B770D-9FD2-4673-BE15-61A3E0C0888E}.Release|Any CPU.Build.0 = Release|Any CPU
	EndGlobalSection
	GlobalSection(SolutionProperties) = preSolution
		HideSolutionNode = FALSE
	EndGlobalSection
	GlobalSection(ExtensibilityGlobals) = postSolution
		SolutionGuid = {57CC81E8-97FA-4D0E-9A54-638B7B2B1AA6}
	EndGlobalSection
EndGlobal
